
Microsoft Visual Studio Solution File, Format Version 12.00
# Visual Studio Version 17
VisualStudioVersion = 17.7.34031.279
MinimumVisualStudioVersion = 10.0.40219.1
Project("{FAE04EC0-301F-11D3-BF4B-00C04F79EFBC}") = "TesteUnitario.Console", "TesteUnitario.Console\TesteUnitario.Console.csproj", "{B1FD2626-A5C5-433E-A0FC-2E752445B6D7}"
EndProject
Project("{FAE04EC0-301F-11D3-BF4B-00C04F79EFBC}") = "TesteUnitario.Test", "TesteUnitario.Test\TesteUnitario.Test.csproj", "{A463B1F7-A30C-4587-8906-CCE672BAA298}"
EndProject
Global
	GlobalSection(SolutionConfigurationPlatforms) = preSolution
		Debug|Any CPU = Debug|Any CPU
		Release|Any CPU = Release|Any CPU
	EndGlobalSection
	GlobalSection(ProjectConfigurationPlatforms) = postSolution
		{B1FD2626-A5C5-433E-A0FC-2E752445B6D7}.Debug|Any CPU.ActiveCfg = Debug|Any CPU
		{B1FD2626-A5C5-433E-A0FC-2E752445B6D7}.Debug|Any CPU.Build.0 = Debug|Any CPU
		{B1FD2626-A5C5-433E-A0FC-2E752445B6D7}.Release|Any CPU.ActiveCfg = Release|Any CPU
		{B1FD2626-A5C5-433E-A0FC-2E752445B6D7}.Release|Any CPU.Build.0 = Release|Any CPU
		{A463B1F7-A30C-4587-8906-CCE672BAA298}.Debug|Any CPU.ActiveCfg = Debug|Any CPU
		{A463B1F7-A30C-4587-8906-CCE672BAA298}.Debug|Any CPU.Build.0 = Debug|Any CPU
		{A463B1F7-A30C-4587-8906-CCE672BAA298}.Release|Any CPU.ActiveCfg = Release|Any CPU
		{A463B1F7-A30C-4587-8906-CCE672BAA298}.Release|Any CPU.Build.0 = Release|Any CPU
	EndGlobalSection
	GlobalSection(SolutionProperties) = preSolution
		HideSolutionNode = FALSE
	EndGlobalSection
	GlobalSection(ExtensibilityGlobals) = postSolution
		SolutionGuid = {F02E4D36-4386-4404-A74A-5742CF42AF0A}
	EndGlobalSection
EndGlobal
